
Microsoft Visual Studio Solution File, Format Version 12.00
# Visual Studio Version 17
VisualStudioVersion = 17.13.35825.156 d17.13
MinimumVisualStudioVersion = 10.0.40219.1
Project("{FAE04EC0-301F-11D3-BF4B-00C04F79EFBC}") = "Products", "Products\Products.csproj", "{DA09AC62-EFB1-4AAF-B816-980D8747A0F9}"
EndProject
Global
	GlobalSection(SolutionConfigurationPlatforms) = preSolution
		Debug|Any CPU = Debug|Any CPU
		Release|Any CPU = Release|Any CPU
	EndGlobalSection
	GlobalSection(ProjectConfigurationPlatforms) = postSolution
		{DA09AC62-EFB1-4AAF-B816-980D8747A0F9}.Debug|Any CPU.ActiveCfg = Debug|Any CPU
		{DA09AC62-EFB1-4AAF-B816-980D8747A0F9}.Debug|Any CPU.Build.0 = Debug|Any CPU
		{DA09AC62-EFB1-4AAF-B816-980D8747A0F9}.Release|Any CPU.ActiveCfg = Release|Any CPU
		{DA09AC62-EFB1-4AAF-B816-980D8747A0F9}.Release|Any CPU.Build.0 = Release|Any CPU
	EndGlobalSection
	GlobalSection(SolutionProperties) = preSolution
		HideSolutionNode = FALSE
	EndGlobalSection
	GlobalSection(ExtensibilityGlobals) = postSolution
		SolutionGuid = {E7387DA7-BF38-4B6C-8699-2445BA53F120}
	EndGlobalSection
EndGlobal
